
Microsoft Visual Studio Solution File, Format Version 12.00
# Visual Studio Version 17
VisualStudioVersion = 17.5.33424.131
MinimumVisualStudioVersion = 10.0.40219.1
Project("{9A19103F-16F7-4668-BE54-9A1E7A4F7556}") = "CryptoApp", "CryptoApp\CryptoApp.csproj", "{E9143B03-CB10-4886-B6C4-37562F127E4F}"
EndProject
Project("{FAE04EC0-301F-11D3-BF4B-00C04F79EFBC}") = "Infrastructure", "Infrastructure\Infrastructure.csproj", "{D3A7534B-0A79-4197-8E75-ADACF484C231}"
EndProject
Global
	GlobalSection(SolutionConfigurationPlatforms) = preSolution
		Debug|Any CPU = Debug|Any CPU
		Release|Any CPU = Release|Any CPU
	EndGlobalSection
	GlobalSection(ProjectConfigurationPlatforms) = postSolution
		{E9143B03-CB10-4886-B6C4-37562F127E4F}.Debug|Any CPU.ActiveCfg = Debug|Any CPU
		{E9143B03-CB10-4886-B6C4-37562F127E4F}.Debug|Any CPU.Build.0 = Debug|Any CPU
		{E9143B03-CB10-4886-B6C4-37562F127E4F}.Release|Any CPU.ActiveCfg = Release|Any CPU
		{E9143B03-CB10-4886-B6C4-37562F127E4F}.Release|Any CPU.Build.0 = Release|Any CPU
		{D3A7534B-0A79-4197-8E75-ADACF484C231}.Debug|Any CPU.ActiveCfg = Debug|Any CPU
		{D3A7534B-0A79-4197-8E75-ADACF484C231}.Debug|Any CPU.Build.0 = Debug|Any CPU
		{D3A7534B-0A79-4197-8E75-ADACF484C231}.Release|Any CPU.ActiveCfg = Release|Any CPU
		{D3A7534B-0A79-4197-8E75-ADACF484C231}.Release|Any CPU.Build.0 = Release|Any CPU
	EndGlobalSection
	GlobalSection(SolutionProperties) = preSolution
		HideSolutionNode = FALSE
	EndGlobalSection
	GlobalSection(ExtensibilityGlobals) = postSolution
		SolutionGuid = {2F633303-0730-4401-B410-BFA83F60E30C}
	EndGlobalSection
EndGlobal
